
Microsoft Visual Studio Solution File, Format Version 12.00
# Visual Studio Version 17
VisualStudioVersion = 17.1.32210.238
MinimumVisualStudioVersion = 10.0.40219.1
Project("{FAE04EC0-301F-11D3-BF4B-00C04F79EFBC}") = "TransportInfoMain", "TransportInfoMain.csproj", "{E9602DAF-B694-432B-8903-9BA2A34BF65A}"
EndProject
Project("{FAE04EC0-301F-11D3-BF4B-00C04F79EFBC}") = "Model", "..\Model\Model.csproj", "{8DC02CC1-4729-4E11-820C-B039FF874CCB}"
EndProject
Project("{FAE04EC0-301F-11D3-BF4B-00C04F79EFBC}") = "Commons", "..\Commons\Commons.csproj", "{698F0860-26F3-4544-AF36-05743D6E5CED}"
EndProject
Project("{FAE04EC0-301F-11D3-BF4B-00C04F79EFBC}") = "Presenter", "..\Presenter\Presenter.csproj", "{8F051B40-6C96-4B88-946B-BD1676B56F24}"
EndProject
Project("{FAE04EC0-301F-11D3-BF4B-00C04F79EFBC}") = "View", "..\View\View.csproj", "{B1F1AE63-A1D6-47E8-B387-2634DEFEE1E8}"
EndProject
Global
	GlobalSection(SolutionConfigurationPlatforms) = preSolution
		Debug|Any CPU = Debug|Any CPU
		Release|Any CPU = Release|Any CPU
	EndGlobalSection
	GlobalSection(ProjectConfigurationPlatforms) = postSolution
		{E9602DAF-B694-432B-8903-9BA2A34BF65A}.Debug|Any CPU.ActiveCfg = Debug|Any CPU
		{E9602DAF-B694-432B-8903-9BA2A34BF65A}.Debug|Any CPU.Build.0 = Debug|Any CPU
		{E9602DAF-B694-432B-8903-9BA2A34BF65A}.Release|Any CPU.ActiveCfg = Release|Any CPU
		{E9602DAF-B694-432B-8903-9BA2A34BF65A}.Release|Any CPU.Build.0 = Release|Any CPU
		{8DC02CC1-4729-4E11-820C-B039FF874CCB}.Debug|Any CPU.ActiveCfg = Debug|Any CPU
		{8DC02CC1-4729-4E11-820C-B039FF874CCB}.Debug|Any CPU.Build.0 = Debug|Any CPU
		{8DC02CC1-4729-4E11-820C-B039FF874CCB}.Release|Any CPU.ActiveCfg = Release|Any CPU
		{8DC02CC1-4729-4E11-820C-B039FF874CCB}.Release|Any CPU.Build.0 = Release|Any CPU
		{698F0860-26F3-4544-AF36-05743D6E5CED}.Debug|Any CPU.ActiveCfg = Debug|Any CPU
		{698F0860-26F3-4544-AF36-05743D6E5CED}.Debug|Any CPU.Build.0 = Debug|Any CPU
		{698F0860-26F3-4544-AF36-05743D6E5CED}.Release|Any CPU.ActiveCfg = Release|Any CPU
		{698F0860-26F3-4544-AF36-05743D6E5CED}.Release|Any CPU.Build.0 = Release|Any CPU
		{8F051B40-6C96-4B88-946B-BD1676B56F24}.Debug|Any CPU.ActiveCfg = Debug|Any CPU
		{8F051B40-6C96-4B88-946B-BD1676B56F24}.Debug|Any CPU.Build.0 = Debug|Any CPU
		{8F051B40-6C96-4B88-946B-BD1676B56F24}.Release|Any CPU.ActiveCfg = Release|Any CPU
		{8F051B40-6C96-4B88-946B-BD1676B56F24}.Release|Any CPU.Build.0 = Release|Any CPU
		{B1F1AE63-A1D6-47E8-B387-2634DEFEE1E8}.Debug|Any CPU.ActiveCfg = Debug|Any CPU
		{B1F1AE63-A1D6-47E8-B387-2634DEFEE1E8}.Debug|Any CPU.Build.0 = Debug|Any CPU
		{B1F1AE63-A1D6-47E8-B387-2634DEFEE1E8}.Release|Any CPU.ActiveCfg = Release|Any CPU
		{B1F1AE63-A1D6-47E8-B387-2634DEFEE1E8}.Release|Any CPU.Build.0 = Release|Any CPU
	EndGlobalSection
	GlobalSection(SolutionProperties) = preSolution
		HideSolutionNode = FALSE
	EndGlobalSection
	GlobalSection(ExtensibilityGlobals) = postSolution
		SolutionGuid = {46310A5D-1822-4B18-A5FD-803FE93A9CF9}
	EndGlobalSection
EndGlobal
